
Microsoft Visual Studio Solution File, Format Version 12.00
# Visual Studio Version 16
VisualStudioVersion = 16.0.30413.136
MinimumVisualStudioVersion = 10.0.40219.1
Project("{FAE04EC0-301F-11D3-BF4B-00C04F79EFBC}") = "första inlämnings upggift", "första inlämnings upggift\första inlämnings upggift.csproj", "{208B6207-6EDB-4ED1-8336-EDEBD6B0080D}"
EndProject
Global
	GlobalSection(SolutionConfigurationPlatforms) = preSolution
		Debug|Any CPU = Debug|Any CPU
		Release|Any CPU = Release|Any CPU
	EndGlobalSection
	GlobalSection(ProjectConfigurationPlatforms) = postSolution
		{208B6207-6EDB-4ED1-8336-EDEBD6B0080D}.Debug|Any CPU.ActiveCfg = Debug|Any CPU
		{208B6207-6EDB-4ED1-8336-EDEBD6B0080D}.Debug|Any CPU.Build.0 = Debug|Any CPU
		{208B6207-6EDB-4ED1-8336-EDEBD6B0080D}.Release|Any CPU.ActiveCfg = Release|Any CPU
		{208B6207-6EDB-4ED1-8336-EDEBD6B0080D}.Release|Any CPU.Build.0 = Release|Any CPU
	EndGlobalSection
	GlobalSection(SolutionProperties) = preSolution
		HideSolutionNode = FALSE
	EndGlobalSection
	GlobalSection(ExtensibilityGlobals) = postSolution
		SolutionGuid = {8C4AF6E4-39C5-4DFB-8B38-045DA57B564F}
	EndGlobalSection
EndGlobal
